
Microsoft Visual Studio Solution File, Format Version 12.00
Project("{FAE04EC0-301F-11D3-BF4B-00C04F79EFBC}") = "RestApiForOnlineStores.API", "RestApiForOnlineStores.API\RestApiForOnlineStores.API.csproj", "{0AFF33BB-EA8E-45F4-B210-C9BCFE4FCFF3}"
EndProject
Project("{FAE04EC0-301F-11D3-BF4B-00C04F79EFBC}") = "RestApiForOnlineStores.Database", "RestApiForOnlineStores.Database\RestApiForOnlineStores.Database.csproj", "{2911DAC1-3B85-4765-8902-068844EEBE0A}"
EndProject
Project("{FAE04EC0-301F-11D3-BF4B-00C04F79EFBC}") = "RestApiForOnlineStores.Domain", "RestApiForOnlineStores.Domain\RestApiForOnlineStores.Domain.csproj", "{F2FB00BA-AA56-4DC6-AD0D-B6CC5795B6B6}"
EndProject
Global
	GlobalSection(SolutionConfigurationPlatforms) = preSolution
		Debug|Any CPU = Debug|Any CPU
		Release|Any CPU = Release|Any CPU
	EndGlobalSection
	GlobalSection(ProjectConfigurationPlatforms) = postSolution
		{0AFF33BB-EA8E-45F4-B210-C9BCFE4FCFF3}.Debug|Any CPU.ActiveCfg = Debug|Any CPU
		{0AFF33BB-EA8E-45F4-B210-C9BCFE4FCFF3}.Debug|Any CPU.Build.0 = Debug|Any CPU
		{0AFF33BB-EA8E-45F4-B210-C9BCFE4FCFF3}.Release|Any CPU.ActiveCfg = Release|Any CPU
		{0AFF33BB-EA8E-45F4-B210-C9BCFE4FCFF3}.Release|Any CPU.Build.0 = Release|Any CPU
		{2911DAC1-3B85-4765-8902-068844EEBE0A}.Debug|Any CPU.ActiveCfg = Debug|Any CPU
		{2911DAC1-3B85-4765-8902-068844EEBE0A}.Debug|Any CPU.Build.0 = Debug|Any CPU
		{2911DAC1-3B85-4765-8902-068844EEBE0A}.Release|Any CPU.ActiveCfg = Release|Any CPU
		{2911DAC1-3B85-4765-8902-068844EEBE0A}.Release|Any CPU.Build.0 = Release|Any CPU
		{F2FB00BA-AA56-4DC6-AD0D-B6CC5795B6B6}.Debug|Any CPU.ActiveCfg = Debug|Any CPU
		{F2FB00BA-AA56-4DC6-AD0D-B6CC5795B6B6}.Debug|Any CPU.Build.0 = Debug|Any CPU
		{F2FB00BA-AA56-4DC6-AD0D-B6CC5795B6B6}.Release|Any CPU.ActiveCfg = Release|Any CPU
		{F2FB00BA-AA56-4DC6-AD0D-B6CC5795B6B6}.Release|Any CPU.Build.0 = Release|Any CPU
	EndGlobalSection
EndGlobal
